
Microsoft Visual Studio Solution File, Format Version 12.00
# Visual Studio Version 16
VisualStudioVersion = 16.0.30503.244
MinimumVisualStudioVersion = 10.0.40219.1
Project("{9A19103F-16F7-4668-BE54-9A1E7A4F7556}") = "eShopSolution", "eShopSolution\eShopSolution.csproj", "{7CDF390B-F56D-4754-BFB6-097637087C52}"
EndProject
Project("{2150E333-8FDC-42A3-9474-1A3956D46DE8}") = "Solution Items", "Solution Items", "{24C698A6-235F-4F76-9C9E-13FF041BC40E}"
	ProjectSection(SolutionItems) = preProject
		README.md = README.md
	EndProjectSection
EndProject
Project("{9A19103F-16F7-4668-BE54-9A1E7A4F7556}") = "eShopSolution.Data", "eShopSolution.Data\eShopSolution.Data.csproj", "{3F9FF54D-AFFE-4964-9E69-7D0038A7DD1D}"
EndProject
Project("{9A19103F-16F7-4668-BE54-9A1E7A4F7556}") = "eShopSolution.Application", "eShopSolution.Application\eShopSolution.Application.csproj", "{E30AEB2A-1D33-4B6C-8671-D78B0A320E90}"
EndProject
Project("{FAE04EC0-301F-11D3-BF4B-00C04F79EFBC}") = "EShopSolutionUtilities", "EShopSolutionUtilities\EShopSolutionUtilities.csproj", "{A3AB8D1D-EE21-4188-B309-BBD73F51B2D8}"
EndProject
Global
	GlobalSection(SolutionConfigurationPlatforms) = preSolution
		Debug|Any CPU = Debug|Any CPU
		Release|Any CPU = Release|Any CPU
	EndGlobalSection
	GlobalSection(ProjectConfigurationPlatforms) = postSolution
		{7CDF390B-F56D-4754-BFB6-097637087C52}.Debug|Any CPU.ActiveCfg = Debug|Any CPU
		{7CDF390B-F56D-4754-BFB6-097637087C52}.Debug|Any CPU.Build.0 = Debug|Any CPU
		{7CDF390B-F56D-4754-BFB6-097637087C52}.Release|Any CPU.ActiveCfg = Release|Any CPU
		{7CDF390B-F56D-4754-BFB6-097637087C52}.Release|Any CPU.Build.0 = Release|Any CPU
		{3F9FF54D-AFFE-4964-9E69-7D0038A7DD1D}.Debug|Any CPU.ActiveCfg = Debug|Any CPU
		{3F9FF54D-AFFE-4964-9E69-7D0038A7DD1D}.Debug|Any CPU.Build.0 = Debug|Any CPU
		{3F9FF54D-AFFE-4964-9E69-7D0038A7DD1D}.Release|Any CPU.ActiveCfg = Release|Any CPU
		{3F9FF54D-AFFE-4964-9E69-7D0038A7DD1D}.Release|Any CPU.Build.0 = Release|Any CPU
		{E30AEB2A-1D33-4B6C-8671-D78B0A320E90}.Debug|Any CPU.ActiveCfg = Debug|Any CPU
		{E30AEB2A-1D33-4B6C-8671-D78B0A320E90}.Debug|Any CPU.Build.0 = Debug|Any CPU
		{E30AEB2A-1D33-4B6C-8671-D78B0A320E90}.Release|Any CPU.ActiveCfg = Release|Any CPU
		{E30AEB2A-1D33-4B6C-8671-D78B0A320E90}.Release|Any CPU.Build.0 = Release|Any CPU
		{A3AB8D1D-EE21-4188-B309-BBD73F51B2D8}.Debug|Any CPU.ActiveCfg = Debug|Any CPU
		{A3AB8D1D-EE21-4188-B309-BBD73F51B2D8}.Debug|Any CPU.Build.0 = Debug|Any CPU
		{A3AB8D1D-EE21-4188-B309-BBD73F51B2D8}.Release|Any CPU.ActiveCfg = Release|Any CPU
		{A3AB8D1D-EE21-4188-B309-BBD73F51B2D8}.Release|Any CPU.Build.0 = Release|Any CPU
	EndGlobalSection
	GlobalSection(SolutionProperties) = preSolution
		HideSolutionNode = FALSE
	EndGlobalSection
	GlobalSection(ExtensibilityGlobals) = postSolution
		SolutionGuid = {3BAC7205-40C9-459F-8EBA-A95619C057F7}
	EndGlobalSection
EndGlobal
